
Microsoft Visual Studio Solution File, Format Version 12.00
# Visual Studio Version 16
VisualStudioVersion = 16.0.31112.23
MinimumVisualStudioVersion = 10.0.40219.1
Project("{8BC9CEB8-8B4A-11D0-8D11-00A0C91BC942}") = "lab8", "lab8\lab8.vcxproj", "{8F880DBF-94A8-4C74-8E0C-DFBC9E33880D}"
EndProject
Global
	GlobalSection(SolutionConfigurationPlatforms) = preSolution
		Debug|x64 = Debug|x64
		Debug|x86 = Debug|x86
		Release|x64 = Release|x64
		Release|x86 = Release|x86
	EndGlobalSection
	GlobalSection(ProjectConfigurationPlatforms) = postSolution
		{8F880DBF-94A8-4C74-8E0C-DFBC9E33880D}.Debug|x64.ActiveCfg = Debug|x64
		{8F880DBF-94A8-4C74-8E0C-DFBC9E33880D}.Debug|x64.Build.0 = Debug|x64
		{8F880DBF-94A8-4C74-8E0C-DFBC9E33880D}.Debug|x86.ActiveCfg = Debug|Win32
		{8F880DBF-94A8-4C74-8E0C-DFBC9E33880D}.Debug|x86.Build.0 = Debug|Win32
		{8F880DBF-94A8-4C74-8E0C-DFBC9E33880D}.Release|x64.ActiveCfg = Release|x64
		{8F880DBF-94A8-4C74-8E0C-DFBC9E33880D}.Release|x64.Build.0 = Release|x64
		{8F880DBF-94A8-4C74-8E0C-DFBC9E33880D}.Release|x86.ActiveCfg = Release|Win32
		{8F880DBF-94A8-4C74-8E0C-DFBC9E33880D}.Release|x86.Build.0 = Release|Win32
	EndGlobalSection
	GlobalSection(SolutionProperties) = preSolution
		HideSolutionNode = FALSE
	EndGlobalSection
	GlobalSection(ExtensibilityGlobals) = postSolution
		SolutionGuid = {412B9082-3408-4466-B0E6-AF082EA9E098}
	EndGlobalSection
EndGlobal
