
Microsoft Visual Studio Solution File, Format Version 12.00
# Visual Studio Version 16
VisualStudioVersion = 16.0.31112.23
MinimumVisualStudioVersion = 10.0.40219.1
Project("{8BC9CEB8-8B4A-11D0-8D11-00A0C91BC942}") = "lab5", "lab5\lab5.vcxproj", "{83171001-ABF6-4466-B231-41F60E62C209}"
EndProject
Project("{8BC9CEB8-8B4A-11D0-8D11-00A0C91BC942}") = "lab5_critical_section", "lab5_critical_section\lab5_critical_section.vcxproj", "{E86D37E1-2230-4820-BFC6-D4741FEBFC26}"
EndProject
Global
	GlobalSection(SolutionConfigurationPlatforms) = preSolution
		Debug|x64 = Debug|x64
		Debug|x86 = Debug|x86
		Release|x64 = Release|x64
		Release|x86 = Release|x86
	EndGlobalSection
	GlobalSection(ProjectConfigurationPlatforms) = postSolution
		{83171001-ABF6-4466-B231-41F60E62C209}.Debug|x64.ActiveCfg = Debug|x64
		{83171001-ABF6-4466-B231-41F60E62C209}.Debug|x64.Build.0 = Debug|x64
		{83171001-ABF6-4466-B231-41F60E62C209}.Debug|x86.ActiveCfg = Debug|Win32
		{83171001-ABF6-4466-B231-41F60E62C209}.Debug|x86.Build.0 = Debug|Win32
		{83171001-ABF6-4466-B231-41F60E62C209}.Release|x64.ActiveCfg = Release|x64
		{83171001-ABF6-4466-B231-41F60E62C209}.Release|x64.Build.0 = Release|x64
		{83171001-ABF6-4466-B231-41F60E62C209}.Release|x86.ActiveCfg = Release|Win32
		{83171001-ABF6-4466-B231-41F60E62C209}.Release|x86.Build.0 = Release|Win32
		{E86D37E1-2230-4820-BFC6-D4741FEBFC26}.Debug|x64.ActiveCfg = Debug|x64
		{E86D37E1-2230-4820-BFC6-D4741FEBFC26}.Debug|x64.Build.0 = Debug|x64
		{E86D37E1-2230-4820-BFC6-D4741FEBFC26}.Debug|x86.ActiveCfg = Debug|Win32
		{E86D37E1-2230-4820-BFC6-D4741FEBFC26}.Debug|x86.Build.0 = Debug|Win32
		{E86D37E1-2230-4820-BFC6-D4741FEBFC26}.Release|x64.ActiveCfg = Release|x64
		{E86D37E1-2230-4820-BFC6-D4741FEBFC26}.Release|x64.Build.0 = Release|x64
		{E86D37E1-2230-4820-BFC6-D4741FEBFC26}.Release|x86.ActiveCfg = Release|Win32
		{E86D37E1-2230-4820-BFC6-D4741FEBFC26}.Release|x86.Build.0 = Release|Win32
	EndGlobalSection
	GlobalSection(SolutionProperties) = preSolution
		HideSolutionNode = FALSE
	EndGlobalSection
	GlobalSection(ExtensibilityGlobals) = postSolution
		SolutionGuid = {15D960D3-3AE7-450A-BAC3-593F8CEAE94D}
	EndGlobalSection
EndGlobal
