
Microsoft Visual Studio Solution File, Format Version 12.00
# Visual Studio Version 16
VisualStudioVersion = 16.0.31112.23
MinimumVisualStudioVersion = 10.0.40219.1
Project("{8BC9CEB8-8B4A-11D0-8D11-00A0C91BC942}") = "lab7", "lab7\lab7.vcxproj", "{9557EC59-18B7-4D6F-A2EE-11BA39010020}"
EndProject
Global
	GlobalSection(SolutionConfigurationPlatforms) = preSolution
		Debug|x64 = Debug|x64
		Debug|x86 = Debug|x86
		Release|x64 = Release|x64
		Release|x86 = Release|x86
	EndGlobalSection
	GlobalSection(ProjectConfigurationPlatforms) = postSolution
		{9557EC59-18B7-4D6F-A2EE-11BA39010020}.Debug|x64.ActiveCfg = Debug|x64
		{9557EC59-18B7-4D6F-A2EE-11BA39010020}.Debug|x64.Build.0 = Debug|x64
		{9557EC59-18B7-4D6F-A2EE-11BA39010020}.Debug|x86.ActiveCfg = Debug|Win32
		{9557EC59-18B7-4D6F-A2EE-11BA39010020}.Debug|x86.Build.0 = Debug|Win32
		{9557EC59-18B7-4D6F-A2EE-11BA39010020}.Release|x64.ActiveCfg = Release|x64
		{9557EC59-18B7-4D6F-A2EE-11BA39010020}.Release|x64.Build.0 = Release|x64
		{9557EC59-18B7-4D6F-A2EE-11BA39010020}.Release|x86.ActiveCfg = Release|Win32
		{9557EC59-18B7-4D6F-A2EE-11BA39010020}.Release|x86.Build.0 = Release|Win32
	EndGlobalSection
	GlobalSection(SolutionProperties) = preSolution
		HideSolutionNode = FALSE
	EndGlobalSection
	GlobalSection(ExtensibilityGlobals) = postSolution
		SolutionGuid = {27FB475B-22C1-4AEE-979D-836A193CF111}
	EndGlobalSection
EndGlobal
